
Microsoft Visual Studio Solution File, Format Version 12.00
# Visual Studio 15
VisualStudioVersion = 15.0.27130.2036
MinimumVisualStudioVersion = 10.0.40219.1
Project("{9A19103F-16F7-4668-BE54-9A1E7A4F7556}") = "Web", "Web\Web.csproj", "{9CA59D15-4684-4CBE-9911-53764D986195}"
EndProject
Project("{9A19103F-16F7-4668-BE54-9A1E7A4F7556}") = "CloudIntegration", "CloudIntegration\CloudIntegration.csproj", "{455DF56D-3C47-448B-BB3F-F31B549A1042}"
EndProject
Global
	GlobalSection(SolutionConfigurationPlatforms) = preSolution
		Debug|Any CPU = Debug|Any CPU
		Release|Any CPU = Release|Any CPU
	EndGlobalSection
	GlobalSection(ProjectConfigurationPlatforms) = postSolution
		{9CA59D15-4684-4CBE-9911-53764D986195}.Debug|Any CPU.ActiveCfg = Debug|Any CPU
		{9CA59D15-4684-4CBE-9911-53764D986195}.Debug|Any CPU.Build.0 = Debug|Any CPU
		{9CA59D15-4684-4CBE-9911-53764D986195}.Release|Any CPU.ActiveCfg = Release|Any CPU
		{9CA59D15-4684-4CBE-9911-53764D986195}.Release|Any CPU.Build.0 = Release|Any CPU
		{455DF56D-3C47-448B-BB3F-F31B549A1042}.Debug|Any CPU.ActiveCfg = Debug|Any CPU
		{455DF56D-3C47-448B-BB3F-F31B549A1042}.Debug|Any CPU.Build.0 = Debug|Any CPU
		{455DF56D-3C47-448B-BB3F-F31B549A1042}.Release|Any CPU.ActiveCfg = Release|Any CPU
		{455DF56D-3C47-448B-BB3F-F31B549A1042}.Release|Any CPU.Build.0 = Release|Any CPU
	EndGlobalSection
	GlobalSection(SolutionProperties) = preSolution
		HideSolutionNode = FALSE
	EndGlobalSection
	GlobalSection(ExtensibilityGlobals) = postSolution
		SolutionGuid = {C2ED6E1F-8C6A-4F23-A630-98D5C7D3C02F}
	EndGlobalSection
EndGlobal
